
Microsoft Visual Studio Solution File, Format Version 12.00
# Visual Studio Version 17
VisualStudioVersion = 17.1.32228.430
MinimumVisualStudioVersion = 10.0.40219.1
Project("{FAE04EC0-301F-11D3-BF4B-00C04F79EFBC}") = "Range", "Range\Range.csproj", "{9DCBCD2A-848D-4450-AD4F-65E46B1D0EFE}"
EndProject
Project("{FAE04EC0-301F-11D3-BF4B-00C04F79EFBC}") = "Shape", "Shape\Shape.csproj", "{9BF633A8-D662-4385-A6C6-FA89F941D78D}"
EndProject
Project("{FAE04EC0-301F-11D3-BF4B-00C04F79EFBC}") = "Vector", "Vector\Vector.csproj", "{945980F2-859A-4AD0-B943-DAAAC5EF80B2}"
EndProject
Project("{FAE04EC0-301F-11D3-BF4B-00C04F79EFBC}") = "List", "List\List.csproj", "{09B9E02D-201E-4270-B032-403F24C26ECF}"
EndProject
Project("{FAE04EC0-301F-11D3-BF4B-00C04F79EFBC}") = "ArrayList", "ArrayList\ArrayList.csproj", "{3AC380D7-69E4-46F6-BFFC-701C5BF76C02}"
EndProject
Project("{FAE04EC0-301F-11D3-BF4B-00C04F79EFBC}") = "Lambdas", "Lambdas\Lambdas.csproj", "{75D6D134-2E3F-46C3-9F88-A7C02CC9278D}"
EndProject
Global
	GlobalSection(SolutionConfigurationPlatforms) = preSolution
		Debug|Any CPU = Debug|Any CPU
		Release|Any CPU = Release|Any CPU
	EndGlobalSection
	GlobalSection(ProjectConfigurationPlatforms) = postSolution
		{9DCBCD2A-848D-4450-AD4F-65E46B1D0EFE}.Debug|Any CPU.ActiveCfg = Debug|Any CPU
		{9DCBCD2A-848D-4450-AD4F-65E46B1D0EFE}.Debug|Any CPU.Build.0 = Debug|Any CPU
		{9DCBCD2A-848D-4450-AD4F-65E46B1D0EFE}.Release|Any CPU.ActiveCfg = Release|Any CPU
		{9DCBCD2A-848D-4450-AD4F-65E46B1D0EFE}.Release|Any CPU.Build.0 = Release|Any CPU
		{9BF633A8-D662-4385-A6C6-FA89F941D78D}.Debug|Any CPU.ActiveCfg = Debug|Any CPU
		{9BF633A8-D662-4385-A6C6-FA89F941D78D}.Debug|Any CPU.Build.0 = Debug|Any CPU
		{9BF633A8-D662-4385-A6C6-FA89F941D78D}.Release|Any CPU.ActiveCfg = Release|Any CPU
		{9BF633A8-D662-4385-A6C6-FA89F941D78D}.Release|Any CPU.Build.0 = Release|Any CPU
		{945980F2-859A-4AD0-B943-DAAAC5EF80B2}.Debug|Any CPU.ActiveCfg = Debug|Any CPU
		{945980F2-859A-4AD0-B943-DAAAC5EF80B2}.Debug|Any CPU.Build.0 = Debug|Any CPU
		{945980F2-859A-4AD0-B943-DAAAC5EF80B2}.Release|Any CPU.ActiveCfg = Release|Any CPU
		{945980F2-859A-4AD0-B943-DAAAC5EF80B2}.Release|Any CPU.Build.0 = Release|Any CPU
		{09B9E02D-201E-4270-B032-403F24C26ECF}.Debug|Any CPU.ActiveCfg = Debug|Any CPU
		{09B9E02D-201E-4270-B032-403F24C26ECF}.Debug|Any CPU.Build.0 = Debug|Any CPU
		{09B9E02D-201E-4270-B032-403F24C26ECF}.Release|Any CPU.ActiveCfg = Release|Any CPU
		{09B9E02D-201E-4270-B032-403F24C26ECF}.Release|Any CPU.Build.0 = Release|Any CPU
		{3AC380D7-69E4-46F6-BFFC-701C5BF76C02}.Debug|Any CPU.ActiveCfg = Debug|Any CPU
		{3AC380D7-69E4-46F6-BFFC-701C5BF76C02}.Debug|Any CPU.Build.0 = Debug|Any CPU
		{3AC380D7-69E4-46F6-BFFC-701C5BF76C02}.Release|Any CPU.ActiveCfg = Release|Any CPU
		{3AC380D7-69E4-46F6-BFFC-701C5BF76C02}.Release|Any CPU.Build.0 = Release|Any CPU
		{75D6D134-2E3F-46C3-9F88-A7C02CC9278D}.Debug|Any CPU.ActiveCfg = Debug|Any CPU
		{75D6D134-2E3F-46C3-9F88-A7C02CC9278D}.Debug|Any CPU.Build.0 = Debug|Any CPU
		{75D6D134-2E3F-46C3-9F88-A7C02CC9278D}.Release|Any CPU.ActiveCfg = Release|Any CPU
		{75D6D134-2E3F-46C3-9F88-A7C02CC9278D}.Release|Any CPU.Build.0 = Release|Any CPU
	EndGlobalSection
	GlobalSection(SolutionProperties) = preSolution
		HideSolutionNode = FALSE
	EndGlobalSection
	GlobalSection(ExtensibilityGlobals) = postSolution
		SolutionGuid = {91B6ABF0-9D87-473E-B1A1-2387E1B53DC9}
	EndGlobalSection
EndGlobal
