
Microsoft Visual Studio Solution File, Format Version 12.00
# Visual Studio Version 17
VisualStudioVersion = 17.1.32228.430
MinimumVisualStudioVersion = 10.0.40219.1
Project("{FAE04EC0-301F-11D3-BF4B-00C04F79EFBC}") = "Range", "Range\Range.csproj", "{9DCBCD2A-848D-4450-AD4F-65E46B1D0EFE}"
EndProject
Project("{FAE04EC0-301F-11D3-BF4B-00C04F79EFBC}") = "Shape", "Shape\Shape.csproj", "{9BF633A8-D662-4385-A6C6-FA89F941D78D}"
EndProject
Project("{FAE04EC0-301F-11D3-BF4B-00C04F79EFBC}") = "Vector", "Vector\Vector.csproj", "{945980F2-859A-4AD0-B943-DAAAC5EF80B2}"
EndProject
Project("{FAE04EC0-301F-11D3-BF4B-00C04F79EFBC}") = "List", "List\List.csproj", "{09B9E02D-201E-4270-B032-403F24C26ECF}"
EndProject
Project("{FAE04EC0-301F-11D3-BF4B-00C04F79EFBC}") = "ArrayList", "ArrayList\ArrayList.csproj", "{3AC380D7-69E4-46F6-BFFC-701C5BF76C02}"
EndProject
Project("{FAE04EC0-301F-11D3-BF4B-00C04F79EFBC}") = "Lambdas", "Lambdas\Lambdas.csproj", "{75D6D134-2E3F-46C3-9F88-A7C02CC9278D}"
EndProject
Project("{FAE04EC0-301F-11D3-BF4B-00C04F79EFBC}") = "WpfApp12", "WpfApp12\WpfApp12.csproj", "{1629B187-AEB4-4DA8-A08A-3B3E3086CEC9}"
EndProject
Project("{FAE04EC0-301F-11D3-BF4B-00C04F79EFBC}") = "WpfApp14", "WpfApp14\WpfApp14.csproj", "{38405906-16CB-4AFF-A541-567C529F4C68}"
EndProject
Project("{FAE04EC0-301F-11D3-BF4B-00C04F79EFBC}") = "WpfApp15", "WpfApp15\WpfApp15.csproj", "{C9A55E13-8261-4E31-AAD8-9855392F28E7}"
EndProject
Project("{FAE04EC0-301F-11D3-BF4B-00C04F79EFBC}") = "WpfApp16", "WpfApp16\WpfApp16.csproj", "{07A69193-2FAD-47EF-86F1-DB935E603878}"
EndProject
Project("{FAE04EC0-301F-11D3-BF4B-00C04F79EFBC}") = "WpfApp16.2", "WpfApp16.2\WpfApp16.2.csproj", "{A01134B9-960A-4F79-8B89-53A068EE47BD}"
EndProject
Project("{FAE04EC0-301F-11D3-BF4B-00C04F79EFBC}") = "WpfApp17", "WpfApp17\WpfApp17.csproj", "{A8BC9DB7-5EEA-40FF-9FC5-ED8CCD41F54F}"
EndProject
Project("{FAE04EC0-301F-11D3-BF4B-00C04F79EFBC}") = "WpfApp18", "WpfApp18\WpfApp18.csproj", "{FCEF7447-D9A9-4C97-BB0B-E8CDCBA6DF3E}"
EndProject
Project("{FAE04EC0-301F-11D3-BF4B-00C04F79EFBC}") = "WpfApp19", "WpfApp19\WpfApp19.csproj", "{CB3F0278-2272-40DD-9079-B834AA921BD7}"
EndProject
Project("{FAE04EC0-301F-11D3-BF4B-00C04F79EFBC}") = "Lab1WPF", "Lab1WPF\Lab1WPF.csproj", "{300AA96C-555F-4567-9E63-C7DCEB6AC7CC}"
EndProject
Project("{FAE04EC0-301F-11D3-BF4B-00C04F79EFBC}") = "WpfApp3", "WpfApp3\WpfApp3.csproj", "{8F811CBE-6298-4A94-B324-FAE27350A0D7}"
EndProject
Project("{FAE04EC0-301F-11D3-BF4B-00C04F79EFBC}") = "WpfApp11.2", "WpfApp11.2\WpfApp11.2.csproj", "{0381839F-6F26-4B9A-8DAF-2B02409B6007}"
EndProject
Project("{FAE04EC0-301F-11D3-BF4B-00C04F79EFBC}") = "WpfApp11", "WpfApp11\WpfApp11.csproj", "{D14858BE-49B0-4156-A3C0-4044DF312C2B}"
EndProject
Project("{FAE04EC0-301F-11D3-BF4B-00C04F79EFBC}") = "WpfApp4", "WpfApp4\WpfApp4.csproj", "{89D59C5B-A314-4212-9BE5-AB8D9A9B3596}"
EndProject
Project("{FAE04EC0-301F-11D3-BF4B-00C04F79EFBC}") = "WpfApp6", "WpfApp6\WpfApp6.csproj", "{A86F3333-DDE2-4AE0-82D8-32283F263A93}"
EndProject
Project("{FAE04EC0-301F-11D3-BF4B-00C04F79EFBC}") = "WpfApp10", "WpfApp10\WpfApp10.csproj", "{58FCD1CB-DAF8-47BD-93BB-09CC3EE5649E}"
EndProject
Project("{FAE04EC0-301F-11D3-BF4B-00C04F79EFBC}") = "WpfApp2", "WpfApp2\WpfApp2.csproj", "{5421B046-286D-419C-BB4E-F21EBA66F34D}"
EndProject
Project("{FAE04EC0-301F-11D3-BF4B-00C04F79EFBC}") = "MyMinesweeper", "MyMinesweeper\MyMinesweeper.csproj", "{6E383DA3-899A-467B-B08C-C80B2D9EF2EE}"
EndProject
Global
	GlobalSection(SolutionConfigurationPlatforms) = preSolution
		Debug|Any CPU = Debug|Any CPU
		Release|Any CPU = Release|Any CPU
	EndGlobalSection
	GlobalSection(ProjectConfigurationPlatforms) = postSolution
		{9DCBCD2A-848D-4450-AD4F-65E46B1D0EFE}.Debug|Any CPU.ActiveCfg = Debug|Any CPU
		{9DCBCD2A-848D-4450-AD4F-65E46B1D0EFE}.Debug|Any CPU.Build.0 = Debug|Any CPU
		{9DCBCD2A-848D-4450-AD4F-65E46B1D0EFE}.Release|Any CPU.ActiveCfg = Release|Any CPU
		{9DCBCD2A-848D-4450-AD4F-65E46B1D0EFE}.Release|Any CPU.Build.0 = Release|Any CPU
		{9BF633A8-D662-4385-A6C6-FA89F941D78D}.Debug|Any CPU.ActiveCfg = Debug|Any CPU
		{9BF633A8-D662-4385-A6C6-FA89F941D78D}.Debug|Any CPU.Build.0 = Debug|Any CPU
		{9BF633A8-D662-4385-A6C6-FA89F941D78D}.Release|Any CPU.ActiveCfg = Release|Any CPU
		{9BF633A8-D662-4385-A6C6-FA89F941D78D}.Release|Any CPU.Build.0 = Release|Any CPU
		{945980F2-859A-4AD0-B943-DAAAC5EF80B2}.Debug|Any CPU.ActiveCfg = Debug|Any CPU
		{945980F2-859A-4AD0-B943-DAAAC5EF80B2}.Debug|Any CPU.Build.0 = Debug|Any CPU
		{945980F2-859A-4AD0-B943-DAAAC5EF80B2}.Release|Any CPU.ActiveCfg = Release|Any CPU
		{945980F2-859A-4AD0-B943-DAAAC5EF80B2}.Release|Any CPU.Build.0 = Release|Any CPU
		{09B9E02D-201E-4270-B032-403F24C26ECF}.Debug|Any CPU.ActiveCfg = Debug|Any CPU
		{09B9E02D-201E-4270-B032-403F24C26ECF}.Debug|Any CPU.Build.0 = Debug|Any CPU
		{09B9E02D-201E-4270-B032-403F24C26ECF}.Release|Any CPU.ActiveCfg = Release|Any CPU
		{09B9E02D-201E-4270-B032-403F24C26ECF}.Release|Any CPU.Build.0 = Release|Any CPU
		{3AC380D7-69E4-46F6-BFFC-701C5BF76C02}.Debug|Any CPU.ActiveCfg = Debug|Any CPU
		{3AC380D7-69E4-46F6-BFFC-701C5BF76C02}.Debug|Any CPU.Build.0 = Debug|Any CPU
		{3AC380D7-69E4-46F6-BFFC-701C5BF76C02}.Release|Any CPU.ActiveCfg = Release|Any CPU
		{3AC380D7-69E4-46F6-BFFC-701C5BF76C02}.Release|Any CPU.Build.0 = Release|Any CPU
		{75D6D134-2E3F-46C3-9F88-A7C02CC9278D}.Debug|Any CPU.ActiveCfg = Debug|Any CPU
		{75D6D134-2E3F-46C3-9F88-A7C02CC9278D}.Debug|Any CPU.Build.0 = Debug|Any CPU
		{75D6D134-2E3F-46C3-9F88-A7C02CC9278D}.Release|Any CPU.ActiveCfg = Release|Any CPU
		{75D6D134-2E3F-46C3-9F88-A7C02CC9278D}.Release|Any CPU.Build.0 = Release|Any CPU
		{1629B187-AEB4-4DA8-A08A-3B3E3086CEC9}.Debug|Any CPU.ActiveCfg = Debug|Any CPU
		{1629B187-AEB4-4DA8-A08A-3B3E3086CEC9}.Debug|Any CPU.Build.0 = Debug|Any CPU
		{1629B187-AEB4-4DA8-A08A-3B3E3086CEC9}.Release|Any CPU.ActiveCfg = Release|Any CPU
		{1629B187-AEB4-4DA8-A08A-3B3E3086CEC9}.Release|Any CPU.Build.0 = Release|Any CPU
		{38405906-16CB-4AFF-A541-567C529F4C68}.Debug|Any CPU.ActiveCfg = Debug|Any CPU
		{38405906-16CB-4AFF-A541-567C529F4C68}.Debug|Any CPU.Build.0 = Debug|Any CPU
		{38405906-16CB-4AFF-A541-567C529F4C68}.Release|Any CPU.ActiveCfg = Release|Any CPU
		{38405906-16CB-4AFF-A541-567C529F4C68}.Release|Any CPU.Build.0 = Release|Any CPU
		{C9A55E13-8261-4E31-AAD8-9855392F28E7}.Debug|Any CPU.ActiveCfg = Debug|Any CPU
		{C9A55E13-8261-4E31-AAD8-9855392F28E7}.Debug|Any CPU.Build.0 = Debug|Any CPU
		{C9A55E13-8261-4E31-AAD8-9855392F28E7}.Release|Any CPU.ActiveCfg = Release|Any CPU
		{C9A55E13-8261-4E31-AAD8-9855392F28E7}.Release|Any CPU.Build.0 = Release|Any CPU
		{07A69193-2FAD-47EF-86F1-DB935E603878}.Debug|Any CPU.ActiveCfg = Debug|Any CPU
		{07A69193-2FAD-47EF-86F1-DB935E603878}.Debug|Any CPU.Build.0 = Debug|Any CPU
		{07A69193-2FAD-47EF-86F1-DB935E603878}.Release|Any CPU.ActiveCfg = Release|Any CPU
		{07A69193-2FAD-47EF-86F1-DB935E603878}.Release|Any CPU.Build.0 = Release|Any CPU
		{A01134B9-960A-4F79-8B89-53A068EE47BD}.Debug|Any CPU.ActiveCfg = Debug|Any CPU
		{A01134B9-960A-4F79-8B89-53A068EE47BD}.Debug|Any CPU.Build.0 = Debug|Any CPU
		{A01134B9-960A-4F79-8B89-53A068EE47BD}.Release|Any CPU.ActiveCfg = Release|Any CPU
		{A01134B9-960A-4F79-8B89-53A068EE47BD}.Release|Any CPU.Build.0 = Release|Any CPU
		{A8BC9DB7-5EEA-40FF-9FC5-ED8CCD41F54F}.Debug|Any CPU.ActiveCfg = Debug|Any CPU
		{A8BC9DB7-5EEA-40FF-9FC5-ED8CCD41F54F}.Debug|Any CPU.Build.0 = Debug|Any CPU
		{A8BC9DB7-5EEA-40FF-9FC5-ED8CCD41F54F}.Release|Any CPU.ActiveCfg = Release|Any CPU
		{A8BC9DB7-5EEA-40FF-9FC5-ED8CCD41F54F}.Release|Any CPU.Build.0 = Release|Any CPU
		{FCEF7447-D9A9-4C97-BB0B-E8CDCBA6DF3E}.Debug|Any CPU.ActiveCfg = Debug|Any CPU
		{FCEF7447-D9A9-4C97-BB0B-E8CDCBA6DF3E}.Debug|Any CPU.Build.0 = Debug|Any CPU
		{FCEF7447-D9A9-4C97-BB0B-E8CDCBA6DF3E}.Release|Any CPU.ActiveCfg = Release|Any CPU
		{FCEF7447-D9A9-4C97-BB0B-E8CDCBA6DF3E}.Release|Any CPU.Build.0 = Release|Any CPU
		{CB3F0278-2272-40DD-9079-B834AA921BD7}.Debug|Any CPU.ActiveCfg = Debug|Any CPU
		{CB3F0278-2272-40DD-9079-B834AA921BD7}.Debug|Any CPU.Build.0 = Debug|Any CPU
		{CB3F0278-2272-40DD-9079-B834AA921BD7}.Release|Any CPU.ActiveCfg = Release|Any CPU
		{CB3F0278-2272-40DD-9079-B834AA921BD7}.Release|Any CPU.Build.0 = Release|Any CPU
		{300AA96C-555F-4567-9E63-C7DCEB6AC7CC}.Debug|Any CPU.ActiveCfg = Debug|Any CPU
		{300AA96C-555F-4567-9E63-C7DCEB6AC7CC}.Debug|Any CPU.Build.0 = Debug|Any CPU
		{300AA96C-555F-4567-9E63-C7DCEB6AC7CC}.Release|Any CPU.ActiveCfg = Release|Any CPU
		{300AA96C-555F-4567-9E63-C7DCEB6AC7CC}.Release|Any CPU.Build.0 = Release|Any CPU
		{8F811CBE-6298-4A94-B324-FAE27350A0D7}.Debug|Any CPU.ActiveCfg = Debug|Any CPU
		{8F811CBE-6298-4A94-B324-FAE27350A0D7}.Debug|Any CPU.Build.0 = Debug|Any CPU
		{8F811CBE-6298-4A94-B324-FAE27350A0D7}.Release|Any CPU.ActiveCfg = Release|Any CPU
		{8F811CBE-6298-4A94-B324-FAE27350A0D7}.Release|Any CPU.Build.0 = Release|Any CPU
		{0381839F-6F26-4B9A-8DAF-2B02409B6007}.Debug|Any CPU.ActiveCfg = Debug|Any CPU
		{0381839F-6F26-4B9A-8DAF-2B02409B6007}.Debug|Any CPU.Build.0 = Debug|Any CPU
		{0381839F-6F26-4B9A-8DAF-2B02409B6007}.Release|Any CPU.ActiveCfg = Release|Any CPU
		{0381839F-6F26-4B9A-8DAF-2B02409B6007}.Release|Any CPU.Build.0 = Release|Any CPU
		{D14858BE-49B0-4156-A3C0-4044DF312C2B}.Debug|Any CPU.ActiveCfg = Debug|Any CPU
		{D14858BE-49B0-4156-A3C0-4044DF312C2B}.Debug|Any CPU.Build.0 = Debug|Any CPU
		{D14858BE-49B0-4156-A3C0-4044DF312C2B}.Release|Any CPU.ActiveCfg = Release|Any CPU
		{D14858BE-49B0-4156-A3C0-4044DF312C2B}.Release|Any CPU.Build.0 = Release|Any CPU
		{89D59C5B-A314-4212-9BE5-AB8D9A9B3596}.Debug|Any CPU.ActiveCfg = Debug|Any CPU
		{89D59C5B-A314-4212-9BE5-AB8D9A9B3596}.Debug|Any CPU.Build.0 = Debug|Any CPU
		{89D59C5B-A314-4212-9BE5-AB8D9A9B3596}.Release|Any CPU.ActiveCfg = Release|Any CPU
		{89D59C5B-A314-4212-9BE5-AB8D9A9B3596}.Release|Any CPU.Build.0 = Release|Any CPU
		{A86F3333-DDE2-4AE0-82D8-32283F263A93}.Debug|Any CPU.ActiveCfg = Debug|Any CPU
		{A86F3333-DDE2-4AE0-82D8-32283F263A93}.Debug|Any CPU.Build.0 = Debug|Any CPU
		{A86F3333-DDE2-4AE0-82D8-32283F263A93}.Release|Any CPU.ActiveCfg = Release|Any CPU
		{A86F3333-DDE2-4AE0-82D8-32283F263A93}.Release|Any CPU.Build.0 = Release|Any CPU
		{58FCD1CB-DAF8-47BD-93BB-09CC3EE5649E}.Debug|Any CPU.ActiveCfg = Debug|Any CPU
		{58FCD1CB-DAF8-47BD-93BB-09CC3EE5649E}.Debug|Any CPU.Build.0 = Debug|Any CPU
		{58FCD1CB-DAF8-47BD-93BB-09CC3EE5649E}.Release|Any CPU.ActiveCfg = Release|Any CPU
		{58FCD1CB-DAF8-47BD-93BB-09CC3EE5649E}.Release|Any CPU.Build.0 = Release|Any CPU
		{5421B046-286D-419C-BB4E-F21EBA66F34D}.Debug|Any CPU.ActiveCfg = Debug|Any CPU
		{5421B046-286D-419C-BB4E-F21EBA66F34D}.Debug|Any CPU.Build.0 = Debug|Any CPU
		{5421B046-286D-419C-BB4E-F21EBA66F34D}.Release|Any CPU.ActiveCfg = Release|Any CPU
		{5421B046-286D-419C-BB4E-F21EBA66F34D}.Release|Any CPU.Build.0 = Release|Any CPU
		{6E383DA3-899A-467B-B08C-C80B2D9EF2EE}.Debug|Any CPU.ActiveCfg = Debug|Any CPU
		{6E383DA3-899A-467B-B08C-C80B2D9EF2EE}.Debug|Any CPU.Build.0 = Debug|Any CPU
		{6E383DA3-899A-467B-B08C-C80B2D9EF2EE}.Release|Any CPU.ActiveCfg = Release|Any CPU
		{6E383DA3-899A-467B-B08C-C80B2D9EF2EE}.Release|Any CPU.Build.0 = Release|Any CPU
	EndGlobalSection
	GlobalSection(SolutionProperties) = preSolution
		HideSolutionNode = FALSE
	EndGlobalSection
	GlobalSection(ExtensibilityGlobals) = postSolution
		SolutionGuid = {91B6ABF0-9D87-473E-B1A1-2387E1B53DC9}
	EndGlobalSection
EndGlobal
